schema_version: '1.0'
generated_at: '2026-06-12T00:00:00Z'
definitions_pack:
  pack_id: matrix-definitions-current
  version: 2026.06.0
  checksum: sha256:0000000000000000000000000000000000000000000000000000000000000000
quality_level: standard
rules:
- RMD-001
- RMD-002
- RMD-003
- RMD-004
- RMD-005
- RMD-006
- RMD-009
- RMD-101
- RMD-102
- RMD-103
- RMD-104
- RMD-105
- RMD-106
- RMD-107
- RMD-108
- RMD-115
- RMD-116
- RMD-119
- PY-001
- FASTAPI-003
- GHA-001
- GHA-002
- DOCKER-001
- SUPPLY-001
- AGENT-001
- AGENT-002
control_files:
- MATRIX_BLUEPRINT.yaml
- MATRIX_STANDARDS.lock
- MATRIX_TASKS.md
- MATRIX_ALLOWED_CHANGES.md
- MATRIX_ACCEPTANCE_CRITERIA.md
- MATRIX_VALIDATION.md
checksums:
  MATRIX_BLUEPRINT.yaml: sha256:1111111111111111111111111111111111111111111111111111111111111111
  MATRIX_TASKS.md: sha256:2222222222222222222222222222222222222222222222222222222222222222
  MATRIX_ALLOWED_CHANGES.md: sha256:3333333333333333333333333333333333333333333333333333333333333333
  MATRIX_ACCEPTANCE_CRITERIA.md: sha256:4444444444444444444444444444444444444444444444444444444444444444
  MATRIX_VALIDATION.md: sha256:5555555555555555555555555555555555555555555555555555555555555555
